
Microsoft Visual Studio Solution File, Format Version 12.00
# Visual Studio Version 17
VisualStudioVersion = 17.0.31903.59
MinimumVisualStudioVersion = 10.0.40219.1
Project("{2150E333-8FDC-42A3-9474-1A3956D46DE8}") = "server", "server", "{DAD03CFC-D5FA-AC94-41C7-9ABAB326F09E}"
EndProject
Project("{FAE04EC0-301F-11D3-BF4B-00C04F79EFBC}") = "APS.AIMS.Api", "server\APS.AIMS.Api\APS.AIMS.Api.csproj", "{EE56D77E-061C-4975-AC27-44AA3EE2A6B6}"
EndProject
Project("{FAE04EC0-301F-11D3-BF4B-00C04F79EFBC}") = "APS.AIMS.Domain", "server\APS.AIMS.Domain\APS.AIMS.Domain.csproj", "{A283214F-4175-487F-95AF-86715C79E9C6}"
EndProject
Project("{FAE04EC0-301F-11D3-BF4B-00C04F79EFBC}") = "APS.AIMS.Application", "server\APS.AIMS.Application\APS.AIMS.Application.csproj", "{FCD22F08-2AA0-4CEE-875A-BE4071EA66CE}"
EndProject
Project("{FAE04EC0-301F-11D3-BF4B-00C04F79EFBC}") = "APS.AIMS.Infrastructure", "server\APS.AIMS.Infrastructure\APS.AIMS.Infrastructure.csproj", "{614C8360-8174-425E-9C79-A226B9C8B719}"
EndProject
Project("{2150E333-8FDC-42A3-9474-1A3956D46DE8}") = "tests", "tests", "{0AB3BF05-4346-4AA6-1389-037BE0695223}"
EndProject
Project("{FAE04EC0-301F-11D3-BF4B-00C04F79EFBC}") = "APS.AIMS.Tests", "tests\APS.AIMS.Tests\APS.AIMS.Tests.csproj", "{CA0942D0-6826-47FD-AB30-545D9A9703C7}"
EndProject
Global
	GlobalSection(SolutionConfigurationPlatforms) = preSolution
		Debug|Any CPU = Debug|Any CPU
		Debug|x64 = Debug|x64
		Debug|x86 = Debug|x86
		Release|Any CPU = Release|Any CPU
		Release|x64 = Release|x64
		Release|x86 = Release|x86
	EndGlobalSection
	GlobalSection(ProjectConfigurationPlatforms) = postSolution
		{EE56D77E-061C-4975-AC27-44AA3EE2A6B6}.Debug|Any CPU.ActiveCfg = Debug|Any CPU
		{EE56D77E-061C-4975-AC27-44AA3EE2A6B6}.Debug|Any CPU.Build.0 = Debug|Any CPU
		{EE56D77E-061C-4975-AC27-44AA3EE2A6B6}.Debug|x64.ActiveCfg = Debug|Any CPU
		{EE56D77E-061C-4975-AC27-44AA3EE2A6B6}.Debug|x64.Build.0 = Debug|Any CPU
		{EE56D77E-061C-4975-AC27-44AA3EE2A6B6}.Debug|x86.ActiveCfg = Debug|Any CPU
		{EE56D77E-061C-4975-AC27-44AA3EE2A6B6}.Debug|x86.Build.0 = Debug|Any CPU
		{EE56D77E-061C-4975-AC27-44AA3EE2A6B6}.Release|Any CPU.ActiveCfg = Release|Any CPU
		{EE56D77E-061C-4975-AC27-44AA3EE2A6B6}.Release|Any CPU.Build.0 = Release|Any CPU
		{EE56D77E-061C-4975-AC27-44AA3EE2A6B6}.Release|x64.ActiveCfg = Release|Any CPU
		{EE56D77E-061C-4975-AC27-44AA3EE2A6B6}.Release|x64.Build.0 = Release|Any CPU
		{EE56D77E-061C-4975-AC27-44AA3EE2A6B6}.Release|x86.ActiveCfg = Release|Any CPU
		{EE56D77E-061C-4975-AC27-44AA3EE2A6B6}.Release|x86.Build.0 = Release|Any CPU
		{A283214F-4175-487F-95AF-86715C79E9C6}.Debug|Any CPU.ActiveCfg = Debug|Any CPU
		{A283214F-4175-487F-95AF-86715C79E9C6}.Debug|Any CPU.Build.0 = Debug|Any CPU
		{A283214F-4175-487F-95AF-86715C79E9C6}.Debug|x64.ActiveCfg = Debug|Any CPU
		{A283214F-4175-487F-95AF-86715C79E9C6}.Debug|x64.Build.0 = Debug|Any CPU
		{A283214F-4175-487F-95AF-86715C79E9C6}.Debug|x86.ActiveCfg = Debug|Any CPU
		{A283214F-4175-487F-95AF-86715C79E9C6}.Debug|x86.Build.0 = Debug|Any CPU
		{A283214F-4175-487F-95AF-86715C79E9C6}.Release|Any CPU.ActiveCfg = Release|Any CPU
		{A283214F-4175-487F-95AF-86715C79E9C6}.Release|Any CPU.Build.0 = Release|Any CPU
		{A283214F-4175-487F-95AF-86715C79E9C6}.Release|x64.ActiveCfg = Release|Any CPU
		{A283214F-4175-487F-95AF-86715C79E9C6}.Release|x64.Build.0 = Release|Any CPU
		{A283214F-4175-487F-95AF-86715C79E9C6}.Release|x86.ActiveCfg = Release|Any CPU
		{A283214F-4175-487F-95AF-86715C79E9C6}.Release|x86.Build.0 = Release|Any CPU
		{FCD22F08-2AA0-4CEE-875A-BE4071EA66CE}.Debug|Any CPU.ActiveCfg = Debug|Any CPU
		{FCD22F08-2AA0-4CEE-875A-BE4071EA66CE}.Debug|Any CPU.Build.0 = Debug|Any CPU
		{FCD22F08-2AA0-4CEE-875A-BE4071EA66CE}.Debug|x64.ActiveCfg = Debug|Any CPU
		{FCD22F08-2AA0-4CEE-875A-BE4071EA66CE}.Debug|x64.Build.0 = Debug|Any CPU
		{FCD22F08-2AA0-4CEE-875A-BE4071EA66CE}.Debug|x86.ActiveCfg = Debug|Any CPU
		{FCD22F08-2AA0-4CEE-875A-BE4071EA66CE}.Debug|x86.Build.0 = Debug|Any CPU
		{FCD22F08-2AA0-4CEE-875A-BE4071EA66CE}.Release|Any CPU.ActiveCfg = Release|Any CPU
		{FCD22F08-2AA0-4CEE-875A-BE4071EA66CE}.Release|Any CPU.Build.0 = Release|Any CPU
		{FCD22F08-2AA0-4CEE-875A-BE4071EA66CE}.Release|x64.ActiveCfg = Release|Any CPU
		{FCD22F08-2AA0-4CEE-875A-BE4071EA66CE}.Release|x64.Build.0 = Release|Any CPU
		{FCD22F08-2AA0-4CEE-875A-BE4071EA66CE}.Release|x86.ActiveCfg = Release|Any CPU
		{FCD22F08-2AA0-4CEE-875A-BE4071EA66CE}.Release|x86.Build.0 = Release|Any CPU
		{614C8360-8174-425E-9C79-A226B9C8B719}.Debug|Any CPU.ActiveCfg = Debug|Any CPU
		{614C8360-8174-425E-9C79-A226B9C8B719}.Debug|Any CPU.Build.0 = Debug|Any CPU
		{614C8360-8174-425E-9C79-A226B9C8B719}.Debug|x64.ActiveCfg = Debug|Any CPU
		{614C8360-8174-425E-9C79-A226B9C8B719}.Debug|x64.Build.0 = Debug|Any CPU
		{614C8360-8174-425E-9C79-A226B9C8B719}.Debug|x86.ActiveCfg = Debug|Any CPU
		{614C8360-8174-425E-9C79-A226B9C8B719}.Debug|x86.Build.0 = Debug|Any CPU
		{614C8360-8174-425E-9C79-A226B9C8B719}.Release|Any CPU.ActiveCfg = Release|Any CPU
		{614C8360-8174-425E-9C79-A226B9C8B719}.Release|Any CPU.Build.0 = Release|Any CPU
		{614C8360-8174-425E-9C79-A226B9C8B719}.Release|x64.ActiveCfg = Release|Any CPU
		{614C8360-8174-425E-9C79-A226B9C8B719}.Release|x64.Build.0 = Release|Any CPU
		{614C8360-8174-425E-9C79-A226B9C8B719}.Release|x86.ActiveCfg = Release|Any CPU
		{614C8360-8174-425E-9C79-A226B9C8B719}.Release|x86.Build.0 = Release|Any CPU
		{CA0942D0-6826-47FD-AB30-545D9A9703C7}.Debug|Any CPU.ActiveCfg = Debug|Any CPU
		{CA0942D0-6826-47FD-AB30-545D9A9703C7}.Debug|Any CPU.Build.0 = Debug|Any CPU
		{CA0942D0-6826-47FD-AB30-545D9A9703C7}.Debug|x64.ActiveCfg = Debug|Any CPU
		{CA0942D0-6826-47FD-AB30-545D9A9703C7}.Debug|x64.Build.0 = Debug|Any CPU
		{CA0942D0-6826-47FD-AB30-545D9A9703C7}.Debug|x86.ActiveCfg = Debug|Any CPU
		{CA0942D0-6826-47FD-AB30-545D9A9703C7}.Debug|x86.Build.0 = Debug|Any CPU
		{CA0942D0-6826-47FD-AB30-545D9A9703C7}.Release|Any CPU.ActiveCfg = Release|Any CPU
		{CA0942D0-6826-47FD-AB30-545D9A9703C7}.Release|Any CPU.Build.0 = Release|Any CPU
		{CA0942D0-6826-47FD-AB30-545D9A9703C7}.Release|x64.ActiveCfg = Release|Any CPU
		{CA0942D0-6826-47FD-AB30-545D9A9703C7}.Release|x64.Build.0 = Release|Any CPU
		{CA0942D0-6826-47FD-AB30-545D9A9703C7}.Release|x86.ActiveCfg = Release|Any CPU
		{CA0942D0-6826-47FD-AB30-545D9A9703C7}.Release|x86.Build.0 = Release|Any CPU
	EndGlobalSection
	GlobalSection(SolutionProperties) = preSolution
		HideSolutionNode = FALSE
	EndGlobalSection
	GlobalSection(NestedProjects) = preSolution
		{EE56D77E-061C-4975-AC27-44AA3EE2A6B6} = {DAD03CFC-D5FA-AC94-41C7-9ABAB326F09E}
		{A283214F-4175-487F-95AF-86715C79E9C6} = {DAD03CFC-D5FA-AC94-41C7-9ABAB326F09E}
		{FCD22F08-2AA0-4CEE-875A-BE4071EA66CE} = {DAD03CFC-D5FA-AC94-41C7-9ABAB326F09E}
		{614C8360-8174-425E-9C79-A226B9C8B719} = {DAD03CFC-D5FA-AC94-41C7-9ABAB326F09E}
		{CA0942D0-6826-47FD-AB30-545D9A9703C7} = {0AB3BF05-4346-4AA6-1389-037BE0695223}
	EndGlobalSection
EndGlobal
